
Microsoft Visual Studio Solution File, Format Version 12.00
# Visual Studio 15
VisualStudioVersion = 15.0.27004.2006
MinimumVisualStudioVersion = 10.0.40219.1
Project("{FAE04EC0-301F-11D3-BF4B-00C04F79EFBC}") = "PizzaCalculator.Android", "PizzaCalculator\PizzaCalculator.Android\PizzaCalculator.Android.csproj", "{3AAD87B6-69CD-4774-847B-72AF4CC3A528}"
EndProject
Project("{FAE04EC0-301F-11D3-BF4B-00C04F79EFBC}") = "PizzaCalculator.iOS", "PizzaCalculator\PizzaCalculator.iOS\PizzaCalculator.iOS.csproj", "{35B8F934-1B95-4714-A885-F404A58872B6}"
EndProject
Project("{FAE04EC0-301F-11D3-BF4B-00C04F79EFBC}") = "PizzaCalculator", "PizzaCalculator\PizzaCalculator\PizzaCalculator.csproj", "{CB536FFB-C142-4B86-9935-7DB26A9BA588}"
EndProject
Global
	GlobalSection(SolutionConfigurationPlatforms) = preSolution
		Debug|Any CPU = Debug|Any CPU
		Debug|iPhone = Debug|iPhone
		Debug|iPhoneSimulator = Debug|iPhoneSimulator
		Release|Any CPU = Release|Any CPU
		Release|iPhone = Release|iPhone
		Release|iPhoneSimulator = Release|iPhoneSimulator
	EndGlobalSection
	GlobalSection(ProjectConfigurationPlatforms) = postSolution
		{3AAD87B6-69CD-4774-847B-72AF4CC3A528}.Debug|Any CPU.ActiveCfg = Debug|Any CPU
		{3AAD87B6-69CD-4774-847B-72AF4CC3A528}.Debug|Any CPU.Build.0 = Debug|Any CPU
		{3AAD87B6-69CD-4774-847B-72AF4CC3A528}.Debug|Any CPU.Deploy.0 = Debug|Any CPU
		{3AAD87B6-69CD-4774-847B-72AF4CC3A528}.Debug|iPhone.ActiveCfg = Debug|Any CPU
		{3AAD87B6-69CD-4774-847B-72AF4CC3A528}.Debug|iPhone.Build.0 = Debug|Any CPU
		{3AAD87B6-69CD-4774-847B-72AF4CC3A528}.Debug|iPhone.Deploy.0 = Debug|Any CPU
		{3AAD87B6-69CD-4774-847B-72AF4CC3A528}.Debug|iPhoneSimulator.ActiveCfg = Debug|Any CPU
		{3AAD87B6-69CD-4774-847B-72AF4CC3A528}.Debug|iPhoneSimulator.Build.0 = Debug|Any CPU
		{3AAD87B6-69CD-4774-847B-72AF4CC3A528}.Debug|iPhoneSimulator.Deploy.0 = Debug|Any CPU
		{3AAD87B6-69CD-4774-847B-72AF4CC3A528}.Release|Any CPU.ActiveCfg = Release|Any CPU
		{3AAD87B6-69CD-4774-847B-72AF4CC3A528}.Release|Any CPU.Build.0 = Release|Any CPU
		{3AAD87B6-69CD-4774-847B-72AF4CC3A528}.Release|Any CPU.Deploy.0 = Release|Any CPU
		{3AAD87B6-69CD-4774-847B-72AF4CC3A528}.Release|iPhone.ActiveCfg = Release|Any CPU
		{3AAD87B6-69CD-4774-847B-72AF4CC3A528}.Release|iPhone.Build.0 = Release|Any CPU
		{3AAD87B6-69CD-4774-847B-72AF4CC3A528}.Release|iPhone.Deploy.0 = Release|Any CPU
		{3AAD87B6-69CD-4774-847B-72AF4CC3A528}.Release|iPhoneSimulator.ActiveCfg = Release|Any CPU
		{3AAD87B6-69CD-4774-847B-72AF4CC3A528}.Release|iPhoneSimulator.Build.0 = Release|Any CPU
		{3AAD87B6-69CD-4774-847B-72AF4CC3A528}.Release|iPhoneSimulator.Deploy.0 = Release|Any CPU
		{35B8F934-1B95-4714-A885-F404A58872B6}.Debug|Any CPU.ActiveCfg = Debug|iPhoneSimulator
		{35B8F934-1B95-4714-A885-F404A58872B6}.Debug|iPhone.ActiveCfg = Debug|iPhone
		{35B8F934-1B95-4714-A885-F404A58872B6}.Debug|iPhone.Build.0 = Debug|iPhone
		{35B8F934-1B95-4714-A885-F404A58872B6}.Debug|iPhoneSimulator.ActiveCfg = Debug|iPhoneSimulator
		{35B8F934-1B95-4714-A885-F404A58872B6}.Debug|iPhoneSimulator.Build.0 = Debug|iPhoneSimulator
		{35B8F934-1B95-4714-A885-F404A58872B6}.Release|Any CPU.ActiveCfg = Release|iPhoneSimulator
		{35B8F934-1B95-4714-A885-F404A58872B6}.Release|iPhone.ActiveCfg = Release|iPhone
		{35B8F934-1B95-4714-A885-F404A58872B6}.Release|iPhone.Build.0 = Release|iPhone
		{35B8F934-1B95-4714-A885-F404A58872B6}.Release|iPhoneSimulator.ActiveCfg = Release|iPhoneSimulator
		{35B8F934-1B95-4714-A885-F404A58872B6}.Release|iPhoneSimulator.Build.0 = Release|iPhoneSimulator
		{CB536FFB-C142-4B86-9935-7DB26A9BA588}.Debug|Any CPU.ActiveCfg = Debug|Any CPU
		{CB536FFB-C142-4B86-9935-7DB26A9BA588}.Debug|Any CPU.Build.0 = Debug|Any CPU
		{CB536FFB-C142-4B86-9935-7DB26A9BA588}.Debug|iPhone.ActiveCfg = Debug|Any CPU
		{CB536FFB-C142-4B86-9935-7DB26A9BA588}.Debug|iPhone.Build.0 = Debug|Any CPU
		{CB536FFB-C142-4B86-9935-7DB26A9BA588}.Debug|iPhoneSimulator.ActiveCfg = Debug|Any CPU
		{CB536FFB-C142-4B86-9935-7DB26A9BA588}.Debug|iPhoneSimulator.Build.0 = Debug|Any CPU
		{CB536FFB-C142-4B86-9935-7DB26A9BA588}.Release|Any CPU.ActiveCfg = Release|Any CPU
		{CB536FFB-C142-4B86-9935-7DB26A9BA588}.Release|Any CPU.Build.0 = Release|Any CPU
		{CB536FFB-C142-4B86-9935-7DB26A9BA588}.Release|iPhone.ActiveCfg = Release|Any CPU
		{CB536FFB-C142-4B86-9935-7DB26A9BA588}.Release|iPhone.Build.0 = Release|Any CPU
		{CB536FFB-C142-4B86-9935-7DB26A9BA588}.Release|iPhoneSimulator.ActiveCfg = Release|Any CPU
		{CB536FFB-C142-4B86-9935-7DB26A9BA588}.Release|iPhoneSimulator.Build.0 = Release|Any CPU
	EndGlobalSection
	GlobalSection(SolutionProperties) = preSolution
		HideSolutionNode = FALSE
	EndGlobalSection
	GlobalSection(ExtensibilityGlobals) = postSolution
		SolutionGuid = {743CBC69-7995-4ED5-95E7-CF0A2FAEF17F}
	EndGlobalSection
EndGlobal
